
Microsoft Visual Studio Solution File, Format Version 12.00
# Visual Studio Version 16
VisualStudioVersion = 16.0.31205.134
MinimumVisualStudioVersion = 10.0.40219.1
Project("{FAE04EC0-301F-11D3-BF4B-00C04F79EFBC}") = "CreditSuisse", "CreditSuisse\CreditSuisse.csproj", "{B13CFE68-7C8F-4BA9-8F9F-8A6E46B950F4}"
EndProject
Project("{FAE04EC0-301F-11D3-BF4B-00C04F79EFBC}") = "Core", "Core\Core.csproj", "{F566D6F1-B541-405A-BD98-D35B0543DF6F}"
EndProject
Project("{FAE04EC0-301F-11D3-BF4B-00C04F79EFBC}") = "Business", "Business\Business.csproj", "{CD9C98E1-7913-44F6-B551-FDEFBAC36F2A}"
EndProject
Project("{FAE04EC0-301F-11D3-BF4B-00C04F79EFBC}") = "CrossCutting", "CrossCutting\CrossCutting.csproj", "{B2E1E290-774C-4605-AFF0-A253C9C8918B}"
EndProject
Global
	GlobalSection(SolutionConfigurationPlatforms) = preSolution
		Debug|Any CPU = Debug|Any CPU
		Release|Any CPU = Release|Any CPU
	EndGlobalSection
	GlobalSection(ProjectConfigurationPlatforms) = postSolution
		{B13CFE68-7C8F-4BA9-8F9F-8A6E46B950F4}.Debug|Any CPU.ActiveCfg = Debug|Any CPU
		{B13CFE68-7C8F-4BA9-8F9F-8A6E46B950F4}.Debug|Any CPU.Build.0 = Debug|Any CPU
		{B13CFE68-7C8F-4BA9-8F9F-8A6E46B950F4}.Release|Any CPU.ActiveCfg = Release|Any CPU
		{B13CFE68-7C8F-4BA9-8F9F-8A6E46B950F4}.Release|Any CPU.Build.0 = Release|Any CPU
		{F566D6F1-B541-405A-BD98-D35B0543DF6F}.Debug|Any CPU.ActiveCfg = Debug|Any CPU
		{F566D6F1-B541-405A-BD98-D35B0543DF6F}.Debug|Any CPU.Build.0 = Debug|Any CPU
		{F566D6F1-B541-405A-BD98-D35B0543DF6F}.Release|Any CPU.ActiveCfg = Release|Any CPU
		{F566D6F1-B541-405A-BD98-D35B0543DF6F}.Release|Any CPU.Build.0 = Release|Any CPU
		{CD9C98E1-7913-44F6-B551-FDEFBAC36F2A}.Debug|Any CPU.ActiveCfg = Debug|Any CPU
		{CD9C98E1-7913-44F6-B551-FDEFBAC36F2A}.Debug|Any CPU.Build.0 = Debug|Any CPU
		{CD9C98E1-7913-44F6-B551-FDEFBAC36F2A}.Release|Any CPU.ActiveCfg = Release|Any CPU
		{CD9C98E1-7913-44F6-B551-FDEFBAC36F2A}.Release|Any CPU.Build.0 = Release|Any CPU
		{B2E1E290-774C-4605-AFF0-A253C9C8918B}.Debug|Any CPU.ActiveCfg = Debug|Any CPU
		{B2E1E290-774C-4605-AFF0-A253C9C8918B}.Debug|Any CPU.Build.0 = Debug|Any CPU
		{B2E1E290-774C-4605-AFF0-A253C9C8918B}.Release|Any CPU.ActiveCfg = Release|Any CPU
		{B2E1E290-774C-4605-AFF0-A253C9C8918B}.Release|Any CPU.Build.0 = Release|Any CPU
	EndGlobalSection
	GlobalSection(SolutionProperties) = preSolution
		HideSolutionNode = FALSE
	EndGlobalSection
	GlobalSection(ExtensibilityGlobals) = postSolution
		SolutionGuid = {E01087A4-5AA6-44F2-908D-51ABFE81E5DA}
	EndGlobalSection
EndGlobal
